
Microsoft Visual Studio Solution File, Format Version 12.00
# Visual Studio Version 16
VisualStudioVersion = 16.0.29424.173
MinimumVisualStudioVersion = 10.0.40219.1
Project("{9A19103F-16F7-4668-BE54-9A1E7A4F7556}") = "NinjaCore.Extensions", "NinjaCore.Extensions\NinjaCore.Extensions.csproj", "{8B2374AF-BDB4-485F-9C7B-BF1D33550597}"
EndProject
Project("{FAE04EC0-301F-11D3-BF4B-00C04F79EFBC}") = "NinjaCore.Extensions.Tests", "NinjaCore.Extensions.Tests\NinjaCore.Extensions.Tests.csproj", "{914AF692-6ACF-445E-B310-DEEB192C7693}"
EndProject
Project("{2150E333-8FDC-42A3-9474-1A3956D46DE8}") = "Tests", "Tests", "{72ABD91A-3544-4ED5-90CB-3A034B52154E}"
EndProject
Global
	GlobalSection(SolutionConfigurationPlatforms) = preSolution
		Debug|Any CPU = Debug|Any CPU
		Release|Any CPU = Release|Any CPU
	EndGlobalSection
	GlobalSection(ProjectConfigurationPlatforms) = postSolution
		{8B2374AF-BDB4-485F-9C7B-BF1D33550597}.Debug|Any CPU.ActiveCfg = Debug|Any CPU
		{8B2374AF-BDB4-485F-9C7B-BF1D33550597}.Debug|Any CPU.Build.0 = Debug|Any CPU
		{8B2374AF-BDB4-485F-9C7B-BF1D33550597}.Release|Any CPU.ActiveCfg = Release|Any CPU
		{8B2374AF-BDB4-485F-9C7B-BF1D33550597}.Release|Any CPU.Build.0 = Release|Any CPU
		{914AF692-6ACF-445E-B310-DEEB192C7693}.Debug|Any CPU.ActiveCfg = Debug|Any CPU
		{914AF692-6ACF-445E-B310-DEEB192C7693}.Debug|Any CPU.Build.0 = Debug|Any CPU
		{914AF692-6ACF-445E-B310-DEEB192C7693}.Release|Any CPU.ActiveCfg = Release|Any CPU
		{914AF692-6ACF-445E-B310-DEEB192C7693}.Release|Any CPU.Build.0 = Release|Any CPU
	EndGlobalSection
	GlobalSection(SolutionProperties) = preSolution
		HideSolutionNode = FALSE
	EndGlobalSection
	GlobalSection(NestedProjects) = preSolution
		{914AF692-6ACF-445E-B310-DEEB192C7693} = {72ABD91A-3544-4ED5-90CB-3A034B52154E}
	EndGlobalSection
	GlobalSection(ExtensibilityGlobals) = postSolution
		SolutionGuid = {7A1FC95D-C460-4658-8698-0B46F9692E45}
	EndGlobalSection
EndGlobal
